
Microsoft Visual Studio Solution File, Format Version 12.00
# Visual Studio Version 16
VisualStudioVersion = 16.0.31313.79
MinimumVisualStudioVersion = 10.0.40219.1
Project("{9A19103F-16F7-4668-BE54-9A1E7A4F7556}") = "BusinessLogic", "BusinessLogic\BusinessLogic.csproj", "{D5301E6E-70FA-495E-84C2-BE99855A3384}"
EndProject
Project("{9A19103F-16F7-4668-BE54-9A1E7A4F7556}") = "BusinessLogic.Tests", "BusinessLogic.Tests\BusinessLogic.Tests.csproj", "{D755D55A-DC2E-4642-89D8-227EE3FB8C5A}"
EndProject
Project("{9A19103F-16F7-4668-BE54-9A1E7A4F7556}") = "DataAccess.Model", "Model\DataAccess.Model.csproj", "{6C17A815-EC86-4CB8-BC2C-2AF7E9608A06}"
EndProject
Project("{9A19103F-16F7-4668-BE54-9A1E7A4F7556}") = "Dtos", "Dto\Dtos.csproj", "{41C641F3-B7F2-49D7-83F1-45A5115BF329}"
EndProject
Project("{9A19103F-16F7-4668-BE54-9A1E7A4F7556}") = "DbAccess", "DbAccess\DbAccess.csproj", "{F9A96574-6BD0-4877-92F1-4D7D326AE0CC}"
EndProject
Project("{9A19103F-16F7-4668-BE54-9A1E7A4F7556}") = "DbAccess.Tests", "DbAccess.Tests\DbAccess.Tests.csproj", "{03D6009D-496D-44D4-A8DE-D134EE10AD54}"
EndProject
Project("{9A19103F-16F7-4668-BE54-9A1E7A4F7556}") = "StudentConfiguration.Api", "StudentConfiguration.Api\StudentConfiguration.Api.csproj", "{97148486-D304-4F95-B7BE-8AB6251ECCE3}"
EndProject
Project("{9A19103F-16F7-4668-BE54-9A1E7A4F7556}") = "StudentConfiguration.Api.Tests", "StudentConfiguration.Api.Tests\StudentConfiguration.Api.Tests.csproj", "{A992A577-548F-481A-AC7C-96FC694D1442}"
EndProject
Project("{9A19103F-16F7-4668-BE54-9A1E7A4F7556}") = "DataBaseCreator", "DataBaseCreator\DataBaseCreator.csproj", "{5F8A0901-D7F6-481B-B1E0-0633E30CB854}"
EndProject
Project("{FAE04EC0-301F-11D3-BF4B-00C04F79EFBC}") = "DataManagement.Api", "DataManagement.Api\DataManagement.Api.csproj", "{A765A458-C9DC-412B-8555-FDD7E0E998A1}"
EndProject
Project("{FAE04EC0-301F-11D3-BF4B-00C04F79EFBC}") = "DataManagement.Api.Tests", "DataManagement.Api.Tests\DataManagement.Api.Tests.csproj", "{8CE38549-1F92-4896-8FA3-B29CEF49BDFD}"
EndProject
Global
	GlobalSection(SolutionConfigurationPlatforms) = preSolution
		Debug|Any CPU = Debug|Any CPU
		Release|Any CPU = Release|Any CPU
	EndGlobalSection
	GlobalSection(ProjectConfigurationPlatforms) = postSolution
		{D5301E6E-70FA-495E-84C2-BE99855A3384}.Debug|Any CPU.ActiveCfg = Debug|Any CPU
		{D5301E6E-70FA-495E-84C2-BE99855A3384}.Debug|Any CPU.Build.0 = Debug|Any CPU
		{D5301E6E-70FA-495E-84C2-BE99855A3384}.Release|Any CPU.ActiveCfg = Release|Any CPU
		{D5301E6E-70FA-495E-84C2-BE99855A3384}.Release|Any CPU.Build.0 = Release|Any CPU
		{D755D55A-DC2E-4642-89D8-227EE3FB8C5A}.Debug|Any CPU.ActiveCfg = Debug|Any CPU
		{D755D55A-DC2E-4642-89D8-227EE3FB8C5A}.Debug|Any CPU.Build.0 = Debug|Any CPU
		{D755D55A-DC2E-4642-89D8-227EE3FB8C5A}.Release|Any CPU.ActiveCfg = Release|Any CPU
		{D755D55A-DC2E-4642-89D8-227EE3FB8C5A}.Release|Any CPU.Build.0 = Release|Any CPU
		{6C17A815-EC86-4CB8-BC2C-2AF7E9608A06}.Debug|Any CPU.ActiveCfg = Debug|Any CPU
		{6C17A815-EC86-4CB8-BC2C-2AF7E9608A06}.Debug|Any CPU.Build.0 = Debug|Any CPU
		{6C17A815-EC86-4CB8-BC2C-2AF7E9608A06}.Release|Any CPU.ActiveCfg = Release|Any CPU
		{6C17A815-EC86-4CB8-BC2C-2AF7E9608A06}.Release|Any CPU.Build.0 = Release|Any CPU
		{41C641F3-B7F2-49D7-83F1-45A5115BF329}.Debug|Any CPU.ActiveCfg = Debug|Any CPU
		{41C641F3-B7F2-49D7-83F1-45A5115BF329}.Debug|Any CPU.Build.0 = Debug|Any CPU
		{41C641F3-B7F2-49D7-83F1-45A5115BF329}.Release|Any CPU.ActiveCfg = Release|Any CPU
		{41C641F3-B7F2-49D7-83F1-45A5115BF329}.Release|Any CPU.Build.0 = Release|Any CPU
		{F9A96574-6BD0-4877-92F1-4D7D326AE0CC}.Debug|Any CPU.ActiveCfg = Debug|Any CPU
		{F9A96574-6BD0-4877-92F1-4D7D326AE0CC}.Debug|Any CPU.Build.0 = Debug|Any CPU
		{F9A96574-6BD0-4877-92F1-4D7D326AE0CC}.Release|Any CPU.ActiveCfg = Release|Any CPU
		{F9A96574-6BD0-4877-92F1-4D7D326AE0CC}.Release|Any CPU.Build.0 = Release|Any CPU
		{03D6009D-496D-44D4-A8DE-D134EE10AD54}.Debug|Any CPU.ActiveCfg = Debug|Any CPU
		{03D6009D-496D-44D4-A8DE-D134EE10AD54}.Debug|Any CPU.Build.0 = Debug|Any CPU
		{03D6009D-496D-44D4-A8DE-D134EE10AD54}.Release|Any CPU.ActiveCfg = Release|Any CPU
		{03D6009D-496D-44D4-A8DE-D134EE10AD54}.Release|Any CPU.Build.0 = Release|Any CPU
		{97148486-D304-4F95-B7BE-8AB6251ECCE3}.Debug|Any CPU.ActiveCfg = Debug|Any CPU
		{97148486-D304-4F95-B7BE-8AB6251ECCE3}.Debug|Any CPU.Build.0 = Debug|Any CPU
		{97148486-D304-4F95-B7BE-8AB6251ECCE3}.Release|Any CPU.ActiveCfg = Release|Any CPU
		{97148486-D304-4F95-B7BE-8AB6251ECCE3}.Release|Any CPU.Build.0 = Release|Any CPU
		{A992A577-548F-481A-AC7C-96FC694D1442}.Debug|Any CPU.ActiveCfg = Debug|Any CPU
		{A992A577-548F-481A-AC7C-96FC694D1442}.Debug|Any CPU.Build.0 = Debug|Any CPU
		{A992A577-548F-481A-AC7C-96FC694D1442}.Release|Any CPU.ActiveCfg = Release|Any CPU
		{A992A577-548F-481A-AC7C-96FC694D1442}.Release|Any CPU.Build.0 = Release|Any CPU
		{5F8A0901-D7F6-481B-B1E0-0633E30CB854}.Debug|Any CPU.ActiveCfg = Debug|Any CPU
		{5F8A0901-D7F6-481B-B1E0-0633E30CB854}.Debug|Any CPU.Build.0 = Debug|Any CPU
		{5F8A0901-D7F6-481B-B1E0-0633E30CB854}.Release|Any CPU.ActiveCfg = Release|Any CPU
		{5F8A0901-D7F6-481B-B1E0-0633E30CB854}.Release|Any CPU.Build.0 = Release|Any CPU
		{A765A458-C9DC-412B-8555-FDD7E0E998A1}.Debug|Any CPU.ActiveCfg = Debug|Any CPU
		{A765A458-C9DC-412B-8555-FDD7E0E998A1}.Debug|Any CPU.Build.0 = Debug|Any CPU
		{A765A458-C9DC-412B-8555-FDD7E0E998A1}.Release|Any CPU.ActiveCfg = Release|Any CPU
		{A765A458-C9DC-412B-8555-FDD7E0E998A1}.Release|Any CPU.Build.0 = Release|Any CPU
		{8CE38549-1F92-4896-8FA3-B29CEF49BDFD}.Debug|Any CPU.ActiveCfg = Debug|Any CPU
		{8CE38549-1F92-4896-8FA3-B29CEF49BDFD}.Debug|Any CPU.Build.0 = Debug|Any CPU
		{8CE38549-1F92-4896-8FA3-B29CEF49BDFD}.Release|Any CPU.ActiveCfg = Release|Any CPU
		{8CE38549-1F92-4896-8FA3-B29CEF49BDFD}.Release|Any CPU.Build.0 = Release|Any CPU
	EndGlobalSection
	GlobalSection(SolutionProperties) = preSolution
		HideSolutionNode = FALSE
	EndGlobalSection
	GlobalSection(ExtensibilityGlobals) = postSolution
		SolutionGuid = {E2FF069D-6D76-4766-BBE0-E50240136E30}
	EndGlobalSection
EndGlobal
